
Microsoft Visual Studio Solution File, Format Version 12.00
# Visual Studio Version 16
VisualStudioVersion = 16.0.29613.14
MinimumVisualStudioVersion = 10.0.40219.1
Project("{FAE04EC0-301F-11D3-BF4B-00C04F79EFBC}") = "10", "10\10.csproj", "{5F6552C8-506E-4034-840F-C03E27E64F46}"
EndProject
Global
	GlobalSection(SolutionConfigurationPlatforms) = preSolution
		Debug|Any CPU = Debug|Any CPU
		Release|Any CPU = Release|Any CPU
	EndGlobalSection
	GlobalSection(ProjectConfigurationPlatforms) = postSolution
		{5F6552C8-506E-4034-840F-C03E27E64F46}.Debug|Any CPU.ActiveCfg = Debug|Any CPU
		{5F6552C8-506E-4034-840F-C03E27E64F46}.Debug|Any CPU.Build.0 = Debug|Any CPU
		{5F6552C8-506E-4034-840F-C03E27E64F46}.Release|Any CPU.ActiveCfg = Release|Any CPU
		{5F6552C8-506E-4034-840F-C03E27E64F46}.Release|Any CPU.Build.0 = Release|Any CPU
	EndGlobalSection
	GlobalSection(SolutionProperties) = preSolution
		HideSolutionNode = FALSE
	EndGlobalSection
	GlobalSection(ExtensibilityGlobals) = postSolution
		SolutionGuid = {DBA9FFC7-1AFF-4EE0-9A18-8A1D7C30DD09}
	EndGlobalSection
EndGlobal
